
Microsoft Visual Studio Solution File, Format Version 12.00
# Visual Studio Version 16
VisualStudioVersion = 16.0.32901.82
MinimumVisualStudioVersion = 10.0.40219.1
Project("{FAE04EC0-301F-11D3-BF4B-00C04F79EFBC}") = "ChatApp", "ChatApp\ChatApp.csproj", "{494E2F4A-ADDB-462B-8EF7-3CE32095386F}"
EndProject
Global
	GlobalSection(SolutionConfigurationPlatforms) = preSolution
		Debug|Any CPU = Debug|Any CPU
		Release|Any CPU = Release|Any CPU
	EndGlobalSection
	GlobalSection(ProjectConfigurationPlatforms) = postSolution
		{494E2F4A-ADDB-462B-8EF7-3CE32095386F}.Debug|Any CPU.ActiveCfg = Debug|Any CPU
		{494E2F4A-ADDB-462B-8EF7-3CE32095386F}.Debug|Any CPU.Build.0 = Debug|Any CPU
		{494E2F4A-ADDB-462B-8EF7-3CE32095386F}.Release|Any CPU.ActiveCfg = Release|Any CPU
		{494E2F4A-ADDB-462B-8EF7-3CE32095386F}.Release|Any CPU.Build.0 = Release|Any CPU
	EndGlobalSection
	GlobalSection(SolutionProperties) = preSolution
		HideSolutionNode = FALSE
	EndGlobalSection
	GlobalSection(ExtensibilityGlobals) = postSolution
		SolutionGuid = {5A5ABE49-B9BD-4C20-8A23-E91A31B2BAB1}
	EndGlobalSection
EndGlobal
